<?xml version="1.0" encoding="utf-8"?>
<Project ToolsVersion="4.0" xmlns="http://schemas.microsoft.com/developer/msbuild/2003">
  <ItemGroup>
    <Filter Include="Source Files">
      <UniqueIdentifier>{4FC737F1-C7A5-4376-A066-2A32D752A2FF}</UniqueIdentifier>
      <Extensions>cpp;c;cc;cxx;def;odl;idl;hpj;bat;asm;asmx</Extensions>
    </Filter>
    <Filter Include="Header Files">
      <UniqueIdentifier>{93995380-89BD-4b04-88EB-625FBE52EBFB}</UniqueIdentifier>
      <Extensions>h;hpp;hxx;hm;inl;inc;xsd</Extensions>
    </Filter>
    <Filter Include="Resource Files">
      <UniqueIdentifier>{67DA6AB6-F800-4c08-8B7A-83BB121AAD01}</UniqueIdentifier>
      <Extensions>rc;ico;cur;bmp;dlg;rc2;rct;bin;rgs;gif;jpg;jpeg;jpe;resx;tiff;tif;png;wav;mfcribbon-ms</Extensions>
    </Filter>
    <Filter Include="Driver Files">
      <UniqueIdentifier>{8E41214B-6785-4CFE-B992-037D68949A14}</UniqueIdentifier>
      <Extensions>inf;inv;inx;mof;mc;</Extensions>
    </Filter>
    <Filter Include="CPP Support">
      <UniqueIdentifier>{5298b65a-4c4b-4783-8764-92d99aa97755}</UniqueIdentifier>
    </Filter>
  </ItemGroup>
  <ItemGroup>
    <Inf Include="fspmon.inf">
      <Filter>Driver Files</Filter>
    </Inf>
  </ItemGroup>
  <ItemGroup>
    <ResourceCompile Include="fspmon.rc">
      <Filter>Resource Files</Filter>
    </ResourceCompile>
  </ItemGroup>
  <ItemGroup>
    <ClCompile Include="fspmon.cpp">
      <Filter>Source Files</Filter>
    </ClCompile>
    <ClCompile Include="FspMonitor.cpp">
      <Filter>Source Files</Filter>
    </ClCompile>
    <ClCompile Include="FilterRegistrationDefs.cpp">
      <Filter>Source Files</Filter>
    </ClCompile>
    <ClCompile Include="cppmemoryoperators.cpp">
      <Filter>CPP Support</Filter>
    </ClCompile>
    <ClCompile Include="crtsection.cpp">
      <Filter>CPP Support</Filter>
    </ClCompile>
    <ClCompile Include="purecall.cpp">
      <Filter>CPP Support</Filter>
    </ClCompile>
    <ClCompile Include="staticclassessupport.cpp">
      <Filter>CPP Support</Filter>
    </ClCompile>
  </ItemGroup>
  <ItemGroup>
    <ClInclude Include="FspMonitor.hpp">
      <Filter>Header Files</Filter>
    </ClInclude>
    <ClInclude Include="fspmon_trace.hpp">
      <Filter>Header Files</Filter>
    </ClInclude>
    <ClInclude Include="FilterRegistrationDefs.hpp">
      <Filter>Header Files</Filter>
    </ClInclude>
    <ClInclude Include="fltkernelinc.hpp">
      <Filter>Header Files</Filter>
    </ClInclude>
    <ClInclude Include="Checkpoint.hpp">
      <Filter>Header Files</Filter>
    </ClInclude>
    <ClInclude Include="cppmemoryoperators.h">
      <Filter>CPP Support</Filter>
    </ClInclude>
    <ClInclude Include="crtsection.h">
      <Filter>CPP Support</Filter>
    </ClInclude>
    <ClInclude Include="staticclassessupport.h">
      <Filter>CPP Support</Filter>
    </ClInclude>
  </ItemGroup>
  <ItemGroup>
    <None Include="fspmon.ruleset" />
  </ItemGroup>
</Project>